// !$*UTF8*$!
{
	archiveVersion = 1;
	classes = {
	};
	objectVersion = 46;
	objects = {

/* Begin PBXBuildFile section */
		18E8DA071B9A2DAD0016ED49 /* main.m in Sources */ = {isa = PBXBuildFile; fileRef = 18E8DA061B9A2DAD0016ED49 /* main.m */; };
		18E8DA0A1B9A2DAD0016ED49 /* AppDelegate.m in Sources */ = {isa = PBXBuildFile; fileRef = 18E8DA091B9A2DAD0016ED49 /* AppDelegate.m */; };
		18E8DA101B9A2DAD0016ED49 /* Main.storyboard in Resources */ = {isa = PBXBuildFile; fileRef = 18E8DA0E1B9A2DAD0016ED49 /* Main.storyboard */; };
		18E8DA121B9A2DAD0016ED49 /* Images.xcassets in Resources */ = {isa = PBXBuildFile; fileRef = 18E8DA111B9A2DAD0016ED49 /* Images.xcassets */; };
		18E8DA151B9A2DAD0016ED49 /* LaunchScreen.xib in Resources */ = {isa = PBXBuildFile; fileRef = 18E8DA131B9A2DAD0016ED49 /* LaunchScreen.xib */; };
		18E8DA211B9A2DAD0016ED49 /* KpNSDatingTests.m in Sources */ = {isa = PBXBuildFile; fileRef = 18E8DA201B9A2DAD0016ED49 /* KpNSDatingTests.m */; };
		18E8DA2C1B9A2F380016ED49 /* KpNSDating.m in Sources */ = {isa = PBXBuildFile; fileRef = 18E8DA2B1B9A2F380016ED49 /* KpNSDating.m */; };
/* End PBXBuildFile section */

/* Begin PBXContainerItemProxy section */
		18E8DA1B1B9A2DAD0016ED49 /* PBXContainerItemProxy */ = {
			isa = PBXContainerItemProxy;
			containerPortal = 18E8D9F91B9A2DAD0016ED49 /* Project object */;
			proxyType = 1;
			remoteGlobalIDString = 18E8DA001B9A2DAD0016ED49;
			remoteInfo = KpNSDating;
		};
/* End PBXContainerItemProxy section */

/* Begin PBXFileReference section */
		18E8DA011B9A2DAD0016ED49 /* KpNSDating.app */ = {isa = PBXFileReference; explicitFileType = wrapper.application; includeInIndex = 0; path = KpNSDating.app; sourceTree = BUILT_PRODUCTS_DIR; };
		18E8DA051B9A2DAD0016ED49 /* Info.plist */ = {isa = PBXFileReference; lastKnownFileType = text.plist.xml; path = Info.plist; sourceTree = "<group>"; };
		18E8DA061B9A2DAD0016ED49 /* main.m */ = {isa = PBXFileReference; lastKnownFileType = sourcecode.c.objc; path = main.m; sourceTree = "<group>"; };
		18E8DA081B9A2DAD0016ED49 /* AppDelegate.h */ = {isa = PBXFileReference; lastKnownFileType = sourcecode.c.h; path = AppDelegate.h; sourceTree = "<group>"; };
		18E8DA091B9A2DAD0016ED49 /* AppDelegate.m */ = {isa = PBXFileReference; lastKnownFileType = sourcecode.c.objc; path = AppDelegate.m; sourceTree = "<group>"; };
		18E8DA0F1B9A2DAD0016ED49 /* Base */ = {isa = PBXFileReference; lastKnownFileType = file.storyboard; name = Base; path = Base.lproj/Main.storyboard; sourceTree = "<group>"; };
		18E8DA111B9A2DAD0016ED49 /* Images.xcassets */ = {isa = PBXFileReference; lastKnownFileType = folder.assetcatalog; path = Images.xcassets; sourceTree = "<group>"; };
		18E8DA141B9A2DAD0016ED49 /* Base */ = {isa = PBXFileReference; lastKnownFileType = file.xib; name = Base; path = Base.lproj/LaunchScreen.xib; sourceTree = "<group>"; };
		18E8DA1A1B9A2DAD0016ED49 /* KpNSDatingTests.xctest */ = {isa = PBXFileReference; explicitFileType = wrapper.cfbundle; includeInIndex = 0; path = KpNSDatingTests.xctest; sourceTree = BUILT_PRODUCTS_DIR; };
		18E8DA1F1B9A2DAD0016ED49 /* Info.plist */ = {isa = PBXFileReference; lastKnownFileType = text.plist.xml; path = Info.plist; sourceTree = "<group>"; };
		18E8DA201B9A2DAD0016ED49 /* KpNSDatingTests.m */ = {isa = PBXFileReference; lastKnownFileType = sourcecode.c.objc; path = KpNSDatingTests.m; sourceTree = "<group>"; };
		18E8DA2A1B9A2F380016ED49 /* KpNSDating.h */ = {isa = PBXFileReference; fileEncoding = 4; lastKnownFileType = sourcecode.c.h; path = KpNSDating.h; sourceTree = "<group>"; };
		18E8DA2B1B9A2F380016ED49 /* KpNSDating.m */ = {isa = PBXFileReference; fileEncoding = 4; lastKnownFileType = sourcecode.c.objc; path = KpNSDating.m; sourceTree = "<group>"; };
/* End PBXFileReference section */

/* Begin PBXFrameworksBuildPhase section */
		18E8D9FE1B9A2DAD0016ED49 /* Frameworks */ = {
			isa = PBXFrameworksBuildPhase;
			buildActionMask = 2147483647;
			files = (
			);
			runOnlyForDeploymentPostprocessing = 0;
		};
		18E8DA171B9A2DAD0016ED49 /* Frameworks */ = {
			isa = PBXFrameworksBuildPhase;
			buildActionMask = 2147483647;
			files = (
			);
			runOnlyForDeploymentPostprocessing = 0;
		};
/* End PBXFrameworksBuildPhase section */

/* Begin PBXGroup section */
		18E8D9F81B9A2DAD0016ED49 = {
			isa = PBXGroup;
			children = (
				18E8DA031B9A2DAD0016ED49 /* KpNSDating */,
				18E8DA1D1B9A2DAD0016ED49 /* KpNSDatingTests */,
				18E8DA021B9A2DAD0016ED49 /* Products */,
			);
			sourceTree = "<group>";
		};
		18E8DA021B9A2DAD0016ED49 /* Products */ = {
			isa = PBXGroup;
			children = (
				18E8DA011B9A2DAD0016ED49 /* KpNSDating.app */,
				18E8DA1A1B9A2DAD0016ED49 /* KpNSDatingTests.xctest */,
			);
			name = Products;
			sourceTree = "<group>";
		};
		18E8DA031B9A2DAD0016ED49 /* KpNSDating */ = {
			isa = PBXGroup;
			children = (
				18E8DA081B9A2DAD0016ED49 /* AppDelegate.h */,
				18E8DA091B9A2DAD0016ED49 /* AppDelegate.m */,
				18E8DA2A1B9A2F380016ED49 /* KpNSDating.h */,
				18E8DA2B1B9A2F380016ED49 /* KpNSDating.m */,
				18E8DA0E1B9A2DAD0016ED49 /* Main.storyboard */,
				18E8DA111B9A2DAD0016ED49 /* Images.xcassets */,
				18E8DA131B9A2DAD0016ED49 /* LaunchScreen.xib */,
				18E8DA041B9A2DAD0016ED49 /* Supporting Files */,
			);
			path = KpNSDating;
			sourceTree = "<group>";
		};
		18E8DA041B9A2DAD0016ED49 /* Supporting Files */ = {
			isa = PBXGroup;
			children = (
				18E8DA051B9A2DAD0016ED49 /* Info.plist */,
				18E8DA061B9A2DAD0016ED49 /* main.m */,
			);
			name = "Supporting Files";
			sourceTree = "<group>";
		};
		18E8DA1D1B9A2DAD0016ED49 /* KpNSDatingTests */ = {
			isa = PBXGroup;
			children = (
				18E8DA201B9A2DAD0016ED49 /* KpNSDatingTests.m */,
				18E8DA1E1B9A2DAD0016ED49 /* Supporting Files */,
			);
			path = KpNSDatingTests;
			sourceTree = "<group>";
		};
		18E8DA1E1B9A2DAD0016ED49 /* Supporting Files */ = {
			isa = PBXGroup;
			children = (
				18E8DA1F1B9A2DAD0016ED49 /* Info.plist */,
			);
			name = "Supporting Files";
			sourceTree = "<group>";
		};
/* End PBXGroup section */

/* Begin PBXNativeTarget section */
		18E8DA001B9A2DAD0016ED49 /* KpNSDating */ = {
			isa = PBXNativeTarget;
			buildConfigurationList = 18E8DA241B9A2DAD0016ED49 /* Build configuration list for PBXNativeTarget "KpNSDating" */;
			buildPhases = (
				18E8D9FD1B9A2DAD0016ED49 /* Sources */,
				18E8D9FE1B9A2DAD0016ED49 /* Frameworks */,
				18E8D9FF1B9A2DAD0016ED49 /* Resources */,
			);
			buildRules = (
			);
			dependencies = (
			);
			name = KpNSDating;
			productName = KpNSDating;
			productReference = 18E8DA011B9A2DAD0016ED49 /* KpNSDating.app */;
			productType = "com.apple.product-type.application";
		};
		18E8DA191B9A2DAD0016ED49 /* KpNSDatingTests */ = {
			isa = PBXNativeTarget;
			buildConfigurationList = 18E8DA271B9A2DAD0016ED49 /* Build configuration list for PBXNativeTarget "KpNSDatingTests" */;
			buildPhases = (
				18E8DA161B9A2DAD0016ED49 /* Sources */,
				18E8DA171B9A2DAD0016ED49 /* Frameworks */,
				18E8DA181B9A2DAD0016ED49 /* Resources */,
			);
			buildRules = (
			);
			dependencies = (
				18E8DA1C1B9A2DAD0016ED49 /* PBXTargetDependency */,
			);
			name = KpNSDatingTests;
			productName = KpNSDatingTests;
			productReference = 18E8DA1A1B9A2DAD0016ED49 /* KpNSDatingTests.xctest */;
			productType = "com.apple.product-type.bundle.unit-test";
		};
/* End PBXNativeTarget section */

/* Begin PBXProject section */
		18E8D9F91B9A2DAD0016ED49 /* Project object */ = {
			isa = PBXProject;
			attributes = {
				LastUpgradeCheck = 0710;
				ORGANIZATIONNAME = MacManApp;
				TargetAttributes = {
					18E8DA001B9A2DAD0016ED49 = {
						CreatedOnToolsVersion = 6.3.2;
					};
					18E8DA191B9A2DAD0016ED49 = {
						CreatedOnToolsVersion = 6.3.2;
						TestTargetID = 18E8DA001B9A2DAD0016ED49;
					};
				};
			};
			buildConfigurationList = 18E8D9FC1B9A2DAD0016ED49 /* Build configuration list for PBXProject "KpNSDating" */;
			compatibilityVersion = "Xcode 3.2";
			developmentRegion = English;
			hasScannedForEncodings = 0;
			knownRegions = (
				en,
				Base,
			);
			mainGroup = 18E8D9F81B9A2DAD0016ED49;
			productRefGroup = 18E8DA021B9A2DAD0016ED49 /* Products */;
			projectDirPath = "";
			projectRoot = "";
			targets = (
				18E8DA001B9A2DAD0016ED49 /* KpNSDating */,
				18E8DA191B9A2DAD0016ED49 /* KpNSDatingTests */,
			);
		};
/* End PBXProject section */

/* Begin PBXResourcesBuildPhase section */
		18E8D9FF1B9A2DAD0016ED49 /* Resources */ = {
			isa = PBXResourcesBuildPhase;
			buildActionMask = 2147483647;
			files = (
				18E8DA101B9A2DAD0016ED49 /* Main.storyboard in Resources */,
				18E8DA151B9A2DAD0016ED49 /* LaunchScreen.xib in Resources */,
				18E8DA121B9A2DAD0016ED49 /* Images.xcassets in Resources */,
			);
			runOnlyForDeploymentPostprocessing = 0;
		};
		18E8DA181B9A2DAD0016ED49 /* Resources */ = {
			isa = PBXResourcesBuildPhase;
			buildActionMask = 2147483647;
			files = (
			);
			runOnlyForDeploymentPostprocessing = 0;
		};
/* End PBXResourcesBuildPhase section */

/* Begin PBXSourcesBuildPhase section */
		18E8D9FD1B9A2DAD0016ED49 /* Sources */ = {
			isa = PBXSourcesBuildPhase;
			buildActionMask = 2147483647;
			files = (
				18E8DA2C1B9A2F380016ED49 /* KpNSDating.m in Sources */,
				18E8DA0A1B9A2DAD0016ED49 /* AppDelegate.m in Sources */,
				18E8DA071B9A2DAD0016ED49 /* main.m in Sources */,
			);
			runOnlyForDeploymentPostprocessing = 0;
		};
		18E8DA161B9A2DAD0016ED49 /* Sources */ = {
			isa = PBXSourcesBuildPhase;
			buildActionMask = 2147483647;
			files = (
				18E8DA211B9A2DAD0016ED49 /* KpNSDatingTests.m in Sources */,
			);
			runOnlyForDeploymentPostprocessing = 0;
		};
/* End PBXSourcesBuildPhase section */

/* Begin PBXTargetDependency section */
		18E8DA1C1B9A2DAD0016ED49 /* PBXTargetDependency */ = {
			isa = PBXTargetDependency;
			target = 18E8DA001B9A2DAD0016ED49 /* KpNSDating */;
			targetProxy = 18E8DA1B1B9A2DAD0016ED49 /* PBXContainerItemProxy */;
		};
/* End PBXTargetDependency section */

/* Begin PBXVariantGroup section */
		18E8DA0E1B9A2DAD0016ED49 /* Main.storyboard */ = {
			isa = PBXVariantGroup;
			children = (
				18E8DA0F1B9A2DAD0016ED49 /* Base */,
			);
			name = Main.storyboard;
			sourceTree = "<group>";
		};
		18E8DA131B9A2DAD0016ED49 /* LaunchScreen.xib */ = {
			isa = PBXVariantGroup;
			children = (
				18E8DA141B9A2DAD0016ED49 /* Base */,
			);
			name = LaunchScreen.xib;
			sourceTree = "<group>";
		};
/* End PBXVariantGroup section */

/* Begin XCBuildConfiguration section */
		18E8DA221B9A2DAD0016ED49 /* Debug */ = {
			isa = XCBuildConfiguration;
			buildSettings = {
				ALWAYS_SEARCH_USER_PATHS = NO;
				CLANG_CXX_LANGUAGE_STANDARD = "gnu++0x";
				CLANG_CXX_LIBRARY = "libc++";
				CLANG_ENABLE_MODULES = YES;
				CLANG_ENABLE_OBJC_ARC = YES;
				CLANG_WARN_BOOL_CONVERSION = YES;
				CLANG_WARN_CONSTANT_CONVERSION = YES;
				CLANG_WARN_DIRECT_OBJC_ISA_USAGE = YES_ERROR;
				CLANG_WARN_EMPTY_BODY = YES;
				CLANG_WARN_ENUM_CONVERSION = YES;
				CLANG_WARN_INT_CONVERSION = YES;
				CLANG_WARN_OBJC_ROOT_CLASS = YES_ERROR;
				CLANG_WARN_UNREACHABLE_CODE = YES;
				CLANG_WARN__DUPLICATE_METHOD_MATCH = YES;
				"CODE_SIGN_IDENTITY[sdk=iphoneos*]" = "iPhone Developer";
				COPY_PHASE_STRIP = NO;
				DEBUG_INFORMATION_FORMAT = "dwarf-with-dsym";
				ENABLE_STRICT_OBJC_MSGSEND = YES;
				ENABLE_TESTABILITY = YES;
				GCC_C_LANGUAGE_STANDARD = gnu99;
				GCC_DYNAMIC_NO_PIC = NO;
				GCC_NO_COMMON_BLOCKS = YES;
				GCC_OPTIMIZATION_LEVEL = 0;
				GCC_PREPROCESSOR_DEFINITIONS = (
					"DEBUG=1",
					"$(inherited)",
				);
				GCC_SYMBOLS_PRIVATE_EXTERN = NO;
				GCC_WARN_64_TO_32_BIT_CONVERSION = YES;
				GCC_WARN_ABOUT_RETURN_TYPE = YES_ERROR;
				GCC_WARN_UNDECLARED_SELECTOR = YES;
				GCC_WARN_UNINITIALIZED_AUTOS = YES_AGGRESSIVE;
				GCC_WARN_UNUSED_FUNCTION = YES;
				GCC_WARN_UNUSED_VARIABLE = YES;
				IPHONEOS_DEPLOYMENT_TARGET = 8.3;
				MTL_ENABLE_DEBUG_INFO = YES;
				ONLY_ACTIVE_ARCH = YES;
				SDKROOT = iphoneos;
				TARGETED_DEVICE_FAMILY = "1,2";
			};
			name = Debug;
		};
		18E8DA231B9A2DAD0016ED49 /* Release */ = {
			isa = XCBuildConfiguration;
			buildSettings = {
				ALWAYS_SEARCH_USER_PATHS = NO;
				CLANG_CXX_LANGUAGE_STANDARD = "gnu++0x";
				CLANG_CXX_LIBRARY = "libc++";
				CLANG_ENABLE_MODULES = YES;
				CLANG_ENABLE_OBJC_ARC = YES;
				CLANG_WARN_BOOL_CONVERSION = YES;
				CLANG_WARN_CONSTANT_CONVERSION = YES;
				CLANG_WARN_DIRECT_OBJC_ISA_USAGE = YES_ERROR;
				CLANG_WARN_EMPTY_BODY = YES;
				CLANG_WARN_ENUM_CONVERSION = YES;
				CLANG_WARN_INT_CONVERSION = YES;
				CLANG_WARN_OBJC_ROOT_CLASS = YES_ERROR;
				CLANG_WARN_UNREACHABLE_CODE = YES;
				CLANG_WARN__DUPLICATE_METHOD_MATCH = YES;
				"CODE_SIGN_IDENTITY[sdk=iphoneos*]" = "iPhone Developer";
				COPY_PHASE_STRIP = NO;
				DEBUG_INFORMATION_FORMAT = "dwarf-with-dsym";
				ENABLE_NS_ASSERTIONS = NO;
				ENABLE_STRICT_OBJC_MSGSEND = YES;
				GCC_C_LANGUAGE_STANDARD = gnu99;
				GCC_NO_COMMON_BLOCKS = YES;
				GCC_WARN_64_TO_32_BIT_CONVERSION = YES;
				GCC_WARN_ABOUT_RETURN_TYPE = YES_ERROR;
				GCC_WARN_UNDECLARED_SELECTOR = YES;
				GCC_WARN_UNINITIALIZED_AUTOS = YES_AGGRESSIVE;
				GCC_WARN_UNUSED_FUNCTION = YES;
				GCC_WARN_UNUSED_VARIABLE = YES;
				IPHONEOS_DEPLOYMENT_TARGET = 8.3;
				MTL_ENABLE_DEBUG_INFO = NO;
				SDKROOT = iphoneos;
				TARGETED_DEVICE_FAMILY = "1,2";
				VALIDATE_PRODUCT = YES;
			};
			name = Release;
		};
		18E8DA251B9A2DAD0016ED49 /* Debug */ = {
			isa = XCBuildConfiguration;
			buildSettings = {
				ASSETCATALOG_COMPILER_APPICON_NAME = AppIcon;
				INFOPLIST_FILE = KpNSDating/Info.plist;
				LD_RUNPATH_SEARCH_PATHS = "$(inherited) @executable_path/Frameworks";
				PRODUCT_BUNDLE_IDENTIFIER = "com.buleApp.$(PRODUCT_NAME:rfc1034identifier)";
				PRODUCT_NAME = "$(TARGET_NAME)";
			};
			name = Debug;
		};
		18E8DA261B9A2DAD0016ED49 /* Release */ = {
			isa = XCBuildConfiguration;
			buildSettings = {
				ASSETCATALOG_COMPILER_APPICON_NAME = AppIcon;
				INFOPLIST_FILE = KpNSDating/Info.plist;
				LD_RUNPATH_SEARCH_PATHS = "$(inherited) @executable_path/Frameworks";
				PRODUCT_BUNDLE_IDENTIFIER = "com.buleApp.$(PRODUCT_NAME:rfc1034identifier)";
				PRODUCT_NAME = "$(TARGET_NAME)";
			};
			name = Release;
		};
		18E8DA281B9A2DAD0016ED49 /* Debug */ = {
			isa = XCBuildConfiguration;
			buildSettings = {
				BUNDLE_LOADER = "$(TEST_HOST)";
				FRAMEWORK_SEARCH_PATHS = (
					"$(SDKROOT)/Developer/Library/Frameworks",
					"$(inherited)",
				);
				GCC_PREPROCESSOR_DEFINITIONS = (
					"DEBUG=1",
					"$(inherited)",
				);
				INFOPLIST_FILE = KpNSDatingTests/Info.plist;
				LD_RUNPATH_SEARCH_PATHS = "$(inherited) @executable_path/Frameworks @loader_path/Frameworks";
				PRODUCT_BUNDLE_IDENTIFIER = "com.buleApp.$(PRODUCT_NAME:rfc1034identifier)";
				PRODUCT_NAME = "$(TARGET_NAME)";
				TEST_HOST = "$(BUILT_PRODUCTS_DIR)/KpNSDating.app/KpNSDating";
			};
			name = Debug;
		};
		18E8DA291B9A2DAD0016ED49 /* Release */ = {
			isa = XCBuildConfiguration;
			buildSettings = {
				BUNDLE_LOADER = "$(TEST_HOST)";
				FRAMEWORK_SEARCH_PATHS = (
					"$(SDKROOT)/Developer/Library/Frameworks",
					"$(inherited)",
				);
				INFOPLIST_FILE = KpNSDatingTests/Info.plist;
				LD_RUNPATH_SEARCH_PATHS = "$(inherited) @executable_path/Frameworks @loader_path/Frameworks";
				PRODUCT_BUNDLE_IDENTIFIER = "com.buleApp.$(PRODUCT_NAME:rfc1034identifier)";
				PRODUCT_NAME = "$(TARGET_NAME)";
				TEST_HOST = "$(BUILT_PRODUCTS_DIR)/KpNSDating.app/KpNSDating";
			};
			name = Release;
		};
/* End XCBuildConfiguration section */

/* Begin XCConfigurationList section */
		18E8D9FC1B9A2DAD0016ED49 /* Build configuration list for PBXProject "KpNSDating" */ = {
			isa = XCConfigurationList;
			buildConfigurations = (
				18E8DA221B9A2DAD0016ED49 /* Debug */,
				18E8DA231B9A2DAD0016ED49 /* Release */,
			);
			defaultConfigurationIsVisible = 0;
			defaultConfigurationName = Release;
		};
		18E8DA241B9A2DAD0016ED49 /* Build configuration list for PBXNativeTarget "KpNSDating" */ = {
			isa = XCConfigurationList;
			buildConfigurations = (
				18E8DA251B9A2DAD0016ED49 /* Debug */,
				18E8DA261B9A2DAD0016ED49 /* Release */,
			);
			defaultConfigurationIsVisible = 0;
			defaultConfigurationName = Release;
		};
		18E8DA271B9A2DAD0016ED49 /* Build configuration list for PBXNativeTarget "KpNSDatingTests" */ = {
			isa = XCConfigurationList;
			buildConfigurations = (
				18E8DA281B9A2DAD0016ED49 /* Debug */,
				18E8DA291B9A2DAD0016ED49 /* Release */,
			);
			defaultConfigurationIsVisible = 0;
			defaultConfigurationName = Release;
		};
/* End XCConfigurationList section */
	};
	rootObject = 18E8D9F91B9A2DAD0016ED49 /* Project object */;
}
